PODS:
  - Capacitor (5.2.3):
    - CapacitorCordova
  - CapacitorCordova (5.2.3)
  - CapacitorGeolocation (5.0.6):
    - Capacitor

DEPENDENCIES:
  - "Capacitor (from `../../node_modules/.pnpm/@capacitor+ios@5.2.3_@capacitor+core@5.2.3/node_modules/@capacitor/ios`)"
  - "CapacitorCordova (from `../../node_modules/.pnpm/@capacitor+ios@5.2.3_@capacitor+core@5.2.3/node_modules/@capacitor/ios`)"
  - "CapacitorGeolocation (from `../../node_modules/.pnpm/@capacitor+geolocation@5.0.6_@capacitor+core@5.2.3/node_modules/@capacitor/geolocation`)"

EXTERNAL SOURCES:
  Capacitor:
    :path: "../../node_modules/.pnpm/@capacitor+ios@5.2.3_@capacitor+core@5.2.3/node_modules/@capacitor/ios"
  CapacitorCordova:
    :path: "../../node_modules/.pnpm/@capacitor+ios@5.2.3_@capacitor+core@5.2.3/node_modules/@capacitor/ios"
  CapacitorGeolocation:
    :path: "../../node_modules/.pnpm/@capacitor+geolocation@5.0.6_@capacitor+core@5.2.3/node_modules/@capacitor/geolocation"

SPEC CHECKSUMS:
  Capacitor: 6f44cbc33839b8a4202b8eac97041fe584083417
  CapacitorCordova: 35def3ebfdef491f0a7b652816eb873ff4b20bbf
  CapacitorGeolocation: 7be5f77abc205c0efe319fff8587a7183e7b0240

PODFILE CHECKSUM: e0247fc1b8bd42b1278ab78189256fc6b4a9e6e8

COCOAPODS: 1.12.1
